{
  "name": "KeycloakReactPOC",
  "lockfileVersion": 2,
  "requires": true,
  "packages": {
    "": {
      "dependencies": {
        "@react-keycloak/web": "^3.4.0",
        "keycloak-js": "^17.0.0",
        "react-router-dom": "^6.2.1"
      }
    },
    "node_modules/@babel/runtime": {
      "version": "7.17.2",
      "resolved": "https://registry.npmjs.org/@babel/runtime/-/runtime-7.17.2.tgz",
      "integrity": "sha512-hzeyJyMA1YGdJTuWU0e/j4wKXrU4OMFvY2MSlaI9B7VQb0r5cxTE3EAIS2Q7Tn2RIcDkRvTA/v2JsAEhxe99uw==",
      "dependencies": {
        "regenerator-runtime": "^0.13.4"
      },
      "engines": {
        "node": ">=6.9.0"
      }
    },
    "node_modules/@react-keycloak/core": {
      "version": "3.2.0",
      "resolved": "https://registry.npmjs.org/@react-keycloak/core/-/core-3.2.0.tgz",
      "integrity": "sha512-1yzU7gQzs+6E1v6hGqxy0Q+kpMHg9sEcke2yxZR29WoU8KNE8E50xS6UbI8N7rWsgyYw8r9W1cUPCOF48MYjzw==",
      "dependencies": {
        "react-fast-compare": "^3.2.0"
      },
      "funding": {
        "type": "patreon",
        "url": "https://www.patreon.com/reactkeycloak"
      },
      "peerDependencies": {
        "react": ">=16"
      }
    },
    "node_modules/@react-keycloak/web": {
      "version": "3.4.0",
      "resolved": "https://registry.npmjs.org/@react-keycloak/web/-/web-3.4.0.tgz",
      "integrity": "sha512-yKKSCyqBtn7dt+VckYOW1IM5NW999pPkxDZOXqJ6dfXPXstYhOQCkTZqh8l7UL14PkpsoaHDh7hSJH8whah01g==",
      "dependencies": {
        "@babel/runtime": "^7.9.0",
        "@react-keycloak/core": "^3.2.0",
        "hoist-non-react-statics": "^3.3.2"
      },
      "funding": {
        "type": "patreon",
        "url": "https://www.patreon.com/reactkeycloak"
      },
      "peerDependencies": {
        "keycloak-js": ">=9.0.2",
        "react": ">=16.8",
        "react-dom": ">=16.8",
        "typescript": ">=3.8"
      },
      "peerDependenciesMeta": {
        "typescript": {
          "optional": true
        }
      }
    },
    "node_modules/base64-js": {
      "version": "1.5.1",
      "resolved": "https://registry.npmjs.org/base64-js/-/base64-js-1.5.1.tgz",
      "integrity": "sha512-AKpaYlHn8t4SVbOHCy+b5+KKgvR4vrsD8vbvrbiQJps7fKDTkjkDry6ji0rUJjC0kzbNePLwzxq8iypo41qeWA==",
      "funding": [
        {
          "type": "github",
          "url": "https://github.com/sponsors/feross"
        },
        {
          "type": "patreon",
          "url": "https://www.patreon.com/feross"
        },
        {
          "type": "consulting",
          "url": "https://feross.org/support"
        }
      ]
    },
    "node_modules/history": {
      "version": "5.2.0",
      "resolved": "https://registry.npmjs.org/history/-/history-5.2.0.tgz",
      "integrity": "sha512-uPSF6lAJb3nSePJ43hN3eKj1dTWpN9gMod0ZssbFTIsen+WehTmEadgL+kg78xLJFdRfrrC//SavDzmRVdE+Ig==",
      "dependencies": {
        "@babel/runtime": "^7.7.6"
      }
    },
    "node_modules/hoist-non-react-statics": {
      "version": "3.3.2",
      "resolved": "https://registry.npmjs.org/hoist-non-react-statics/-/hoist-non-react-statics-3.3.2.tgz",
      "integrity": "sha512-/gGivxi8JPKWNm/W0jSmzcMPpfpPLc3dY/6GxhX2hQ9iGj3aDfklV4ET7NjKpSinLpJ5vafa9iiGIEZg10SfBw==",
      "dependencies": {
        "react-is": "^16.7.0"
      }
    },
    "node_modules/js-sha256": {
      "version": "0.9.0",
      "resolved": "https://registry.npmjs.org/js-sha256/-/js-sha256-0.9.0.tgz",
      "integrity": "sha512-sga3MHh9sgQN2+pJ9VYZ+1LPwXOxuBJBA5nrR5/ofPfuiJBE2hnjsaN8se8JznOmGLN2p49Pe5U/ttafcs/apA=="
    },
    "node_modules/js-tokens": {
      "version": "4.0.0",
      "resolved": "https://registry.npmjs.org/js-tokens/-/js-tokens-4.0.0.tgz",
      "integrity": "sha512-RdJUflcE3cUzKiMqQgsCu06FPu9UdIJO0beYbPhHN4k6apgJtifcoCtT9bcxOpYBtpD2kCM6Sbzg4CausW/PKQ==",
      "peer": true
    },
    "node_modules/keycloak-js": {
      "version": "17.0.0",
      "resolved": "https://registry.npmjs.org/keycloak-js/-/keycloak-js-17.0.0.tgz",
      "integrity": "sha512-NEuEur5zg9uAcY9UAz7pgBjJlJcBW2VPMss6pCIfJf8JgIMnEPHwvGQIKesCIq2N5Ut+vf7NU+ICT5Xk/qwesQ==",
      "dependencies": {
        "base64-js": "^1.5.1",
        "js-sha256": "^0.9.0"
      }
    },
    "node_modules/loose-envify": {
      "version": "1.4.0",
      "resolved": "https://registry.npmjs.org/loose-envify/-/loose-envify-1.4.0.tgz",
      "integrity": "sha512-lyuxPGr/Wfhrlem2CL/UcnUc1zcqKAImBDzukY7Y5F/yQiNdko6+fRLevlw1HgMySw7f611UIY408EtxRSoK3Q==",
      "peer": true,
      "dependencies": {
        "js-tokens": "^3.0.0 || ^4.0.0"
      },
      "bin": {
        "loose-envify": "cli.js"
      }
    },
    "node_modules/object-assign": {
      "version": "4.1.1",
      "resolved": "https://registry.npmjs.org/object-assign/-/object-assign-4.1.1.tgz",
      "integrity": "sha1-IQmtx5ZYh8/AXLvUQsrIv7s2CGM=",
      "peer": true,
      "engines": {
        "node": ">=0.10.0"
      }
    },
    "node_modules/react": {
      "version": "17.0.2",
      "resolved": "https://registry.npmjs.org/react/-/react-17.0.2.tgz",
      "integrity": "sha512-gnhPt75i/dq/z3/6q/0asP78D0u592D5L1pd7M8P+dck6Fu/jJeL6iVVK23fptSUZj8Vjf++7wXA8UNclGQcbA==",
      "peer": true,
      "dependencies": {
        "loose-envify": "^1.1.0",
        "object-assign": "^4.1.1"
      },
      "engines": {
        "node": ">=0.10.0"
      }
    },
    "node_modules/react-dom": {
      "version": "17.0.2",
      "resolved": "https://registry.npmjs.org/react-dom/-/react-dom-17.0.2.tgz",
      "integrity": "sha512-s4h96KtLDUQlsENhMn1ar8t2bEa+q/YAtj8pPPdIjPDGBDIVNsrD9aXNWqspUe6AzKCIG0C1HZZLqLV7qpOBGA==",
      "peer": true,
      "dependencies": {
        "loose-envify": "^1.1.0",
        "object-assign": "^4.1.1",
        "scheduler": "^0.20.2"
      },
      "peerDependencies": {
        "react": "17.0.2"
      }
    },
    "node_modules/react-fast-compare": {
      "version": "3.2.0",
      "resolved": "https://registry.npmjs.org/react-fast-compare/-/react-fast-compare-3.2.0.tgz",
      "integrity": "sha512-rtGImPZ0YyLrscKI9xTpV8psd6I8VAtjKCzQDlzyDvqJA8XOW78TXYQwNRNd8g8JZnDu8q9Fu/1v4HPAVwVdHA=="
    },
    "node_modules/react-is": {
      "version": "16.13.1",
      "resolved": "https://registry.npmjs.org/react-is/-/react-is-16.13.1.tgz",
      "integrity": "sha512-24e6ynE2H+OKt4kqsOvNd8kBpV65zoxbA4BVsEOB3ARVWQki/DHzaUoC5KuON/BiccDaCCTZBuOcfZs70kR8bQ=="
    },
    "node_modules/react-router": {
      "version": "6.2.1",
      "resolved": "https://registry.npmjs.org/react-router/-/react-router-6.2.1.tgz",
      "integrity": "sha512-2fG0udBtxou9lXtK97eJeET2ki5//UWfQSl1rlJ7quwe6jrktK9FCCc8dQb5QY6jAv3jua8bBQRhhDOM/kVRsg==",
      "dependencies": {
        "history": "^5.2.0"
      },
      "peerDependencies": {
        "react": ">=16.8"
      }
    },
    "node_modules/react-router-dom": {
      "version": "6.2.1",
      "resolved": "https://registry.npmjs.org/react-router-dom/-/react-router-dom-6.2.1.tgz",
      "integrity": "sha512-I6Zax+/TH/cZMDpj3/4Fl2eaNdcvoxxHoH1tYOREsQ22OKDYofGebrNm6CTPUcvLvZm63NL/vzCYdjf9CUhqmA==",
      "dependencies": {
        "history": "^5.2.0",
        "react-router": "6.2.1"
      },
      "peerDependencies": {
        "react": ">=16.8",
        "react-dom": ">=16.8"
      }
    },
    "node_modules/regenerator-runtime": {
      "version": "0.13.9",
      "resolved": "https://registry.npmjs.org/regenerator-runtime/-/regenerator-runtime-0.13.9.tgz",
      "integrity": "sha512-p3VT+cOEgxFsRRA9X4lkI1E+k2/CtnKtU4gcxyaCUreilL/vqI6CdZ3wxVUx3UOUg+gnUOQQcRI7BmSI656MYA=="
    },
    "node_modules/scheduler": {
      "version": "0.20.2",
      "resolved": "https://registry.npmjs.org/scheduler/-/scheduler-0.20.2.tgz",
      "integrity": "sha512-2eWfGgAqqWFGqtdMmcL5zCMK1U8KlXv8SQFGglL3CEtd0aDVDWgeF/YoCmvln55m5zSk3J/20hTaSBeSObsQDQ==",
      "peer": true,
      "dependencies": {
        "loose-envify": "^1.1.0",
        "object-assign": "^4.1.1"
      }
    }
  },
  "dependencies": {
    "@babel/runtime": {
      "version": "7.17.2",
      "resolved": "https://registry.npmjs.org/@babel/runtime/-/runtime-7.17.2.tgz",
      "integrity": "sha512-hzeyJyMA1YGdJTuWU0e/j4wKXrU4OMFvY2MSlaI9B7VQb0r5cxTE3EAIS2Q7Tn2RIcDkRvTA/v2JsAEhxe99uw==",
      "requires": {
        "regenerator-runtime": "^0.13.4"
      }
    },
    "@react-keycloak/core": {
      "version": "3.2.0",
      "resolved": "https://registry.npmjs.org/@react-keycloak/core/-/core-3.2.0.tgz",
      "integrity": "sha512-1yzU7gQzs+6E1v6hGqxy0Q+kpMHg9sEcke2yxZR29WoU8KNE8E50xS6UbI8N7rWsgyYw8r9W1cUPCOF48MYjzw==",
      "requires": {
        "react-fast-compare": "^3.2.0"
      }
    },
    "@react-keycloak/web": {
      "version": "3.4.0",
      "resolved": "https://registry.npmjs.org/@react-keycloak/web/-/web-3.4.0.tgz",
      "integrity": "sha512-yKKSCyqBtn7dt+VckYOW1IM5NW999pPkxDZOXqJ6dfXPXstYhOQCkTZqh8l7UL14PkpsoaHDh7hSJH8whah01g==",
      "requires": {
        "@babel/runtime": "^7.9.0",
        "@react-keycloak/core": "^3.2.0",
        "hoist-non-react-statics": "^3.3.2"
      }
    },
    "base64-js": {
      "version": "1.5.1",
      "resolved": "https://registry.npmjs.org/base64-js/-/base64-js-1.5.1.tgz",
      "integrity": "sha512-AKpaYlHn8t4SVbOHCy+b5+KKgvR4vrsD8vbvrbiQJps7fKDTkjkDry6ji0rUJjC0kzbNePLwzxq8iypo41qeWA=="
    },
    "history": {
      "version": "5.2.0",
      "resolved": "https://registry.npmjs.org/history/-/history-5.2.0.tgz",
      "integrity": "sha512-uPSF6lAJb3nSePJ43hN3eKj1dTWpN9gMod0ZssbFTIsen+WehTmEadgL+kg78xLJFdRfrrC//SavDzmRVdE+Ig==",
      "requires": {
        "@babel/runtime": "^7.7.6"
      }
    },
    "hoist-non-react-statics": {
      "version": "3.3.2",
      "resolved": "https://registry.npmjs.org/hoist-non-react-statics/-/hoist-non-react-statics-3.3.2.tgz",
      "integrity": "sha512-/gGivxi8JPKWNm/W0jSmzcMPpfpPLc3dY/6GxhX2hQ9iGj3aDfklV4ET7NjKpSinLpJ5vafa9iiGIEZg10SfBw==",
      "requires": {
        "react-is": "^16.7.0"
      }
    },
    "js-sha256": {
      "version": "0.9.0",
      "resolved": "https://registry.npmjs.org/js-sha256/-/js-sha256-0.9.0.tgz",
      "integrity": "sha512-sga3MHh9sgQN2+pJ9VYZ+1LPwXOxuBJBA5nrR5/ofPfuiJBE2hnjsaN8se8JznOmGLN2p49Pe5U/ttafcs/apA=="
    },
    "js-tokens": {
      "version": "4.0.0",
      "resolved": "https://registry.npmjs.org/js-tokens/-/js-tokens-4.0.0.tgz",
      "integrity": "sha512-RdJUflcE3cUzKiMqQgsCu06FPu9UdIJO0beYbPhHN4k6apgJtifcoCtT9bcxOpYBtpD2kCM6Sbzg4CausW/PKQ==",
      "peer": true
    },
    "keycloak-js": {
      "version": "17.0.0",
      "resolved": "https://registry.npmjs.org/keycloak-js/-/keycloak-js-17.0.0.tgz",
      "integrity": "sha512-NEuEur5zg9uAcY9UAz7pgBjJlJcBW2VPMss6pCIfJf8JgIMnEPHwvGQIKesCIq2N5Ut+vf7NU+ICT5Xk/qwesQ==",
      "requires": {
        "base64-js": "^1.5.1",
        "js-sha256": "^0.9.0"
      }
    },
    "loose-envify": {
      "version": "1.4.0",
      "resolved": "https://registry.npmjs.org/loose-envify/-/loose-envify-1.4.0.tgz",
      "integrity": "sha512-lyuxPGr/Wfhrlem2CL/UcnUc1zcqKAImBDzukY7Y5F/yQiNdko6+fRLevlw1HgMySw7f611UIY408EtxRSoK3Q==",
      "peer": true,
      "requires": {
        "js-tokens": "^3.0.0 || ^4.0.0"
      }
    },
    "object-assign": {
      "version": "4.1.1",
      "resolved": "https://registry.npmjs.org/object-assign/-/object-assign-4.1.1.tgz",
      "integrity": "sha1-IQmtx5ZYh8/AXLvUQsrIv7s2CGM=",
      "peer": true
    },
    "react": {
      "version": "17.0.2",
      "resolved": "https://registry.npmjs.org/react/-/react-17.0.2.tgz",
      "integrity": "sha512-gnhPt75i/dq/z3/6q/0asP78D0u592D5L1pd7M8P+dck6Fu/jJeL6iVVK23fptSUZj8Vjf++7wXA8UNclGQcbA==",
      "peer": true,
      "requires": {
        "loose-envify": "^1.1.0",
        "object-assign": "^4.1.1"
      }
    },
    "react-dom": {
      "version": "17.0.2",
      "resolved": "https://registry.npmjs.org/react-dom/-/react-dom-17.0.2.tgz",
      "integrity": "sha512-s4h96KtLDUQlsENhMn1ar8t2bEa+q/YAtj8pPPdIjPDGBDIVNsrD9aXNWqspUe6AzKCIG0C1HZZLqLV7qpOBGA==",
      "peer": true,
      "requires": {
        "loose-envify": "^1.1.0",
        "object-assign": "^4.1.1",
        "scheduler": "^0.20.2"
      }
    },
    "react-fast-compare": {
      "version": "3.2.0",
      "resolved": "https://registry.npmjs.org/react-fast-compare/-/react-fast-compare-3.2.0.tgz",
      "integrity": "sha512-rtGImPZ0YyLrscKI9xTpV8psd6I8VAtjKCzQDlzyDvqJA8XOW78TXYQwNRNd8g8JZnDu8q9Fu/1v4HPAVwVdHA=="
    },
    "react-is": {
      "version": "16.13.1",
      "resolved": "https://registry.npmjs.org/react-is/-/react-is-16.13.1.tgz",
      "integrity": "sha512-24e6ynE2H+OKt4kqsOvNd8kBpV65zoxbA4BVsEOB3ARVWQki/DHzaUoC5KuON/BiccDaCCTZBuOcfZs70kR8bQ=="
    },
    "react-router": {
      "version": "6.2.1",
      "resolved": "https://registry.npmjs.org/react-router/-/react-router-6.2.1.tgz",
      "integrity": "sha512-2fG0udBtxou9lXtK97eJeET2ki5//UWfQSl1rlJ7quwe6jrktK9FCCc8dQb5QY6jAv3jua8bBQRhhDOM/kVRsg==",
      "requires": {
        "history": "^5.2.0"
      }
    },
    "react-router-dom": {
      "version": "6.2.1",
      "resolved": "https://registry.npmjs.org/react-router-dom/-/react-router-dom-6.2.1.tgz",
      "integrity": "sha512-I6Zax+/TH/cZMDpj3/4Fl2eaNdcvoxxHoH1tYOREsQ22OKDYofGebrNm6CTPUcvLvZm63NL/vzCYdjf9CUhqmA==",
      "requires": {
        "history": "^5.2.0",
        "react-router": "6.2.1"
      }
    },
    "regenerator-runtime": {
      "version": "0.13.9",
      "resolved": "https://registry.npmjs.org/regenerator-runtime/-/regenerator-runtime-0.13.9.tgz",
      "integrity": "sha512-p3VT+cOEgxFsRRA9X4lkI1E+k2/CtnKtU4gcxyaCUreilL/vqI6CdZ3wxVUx3UOUg+gnUOQQcRI7BmSI656MYA=="
    },
    "scheduler": {
      "version": "0.20.2",
      "resolved": "https://registry.npmjs.org/scheduler/-/scheduler-0.20.2.tgz",
      "integrity": "sha512-2eWfGgAqqWFGqtdMmcL5zCMK1U8KlXv8SQFGglL3CEtd0aDVDWgeF/YoCmvln55m5zSk3J/20hTaSBeSObsQDQ==",
      "peer": true,
      "requires": {
        "loose-envify": "^1.1.0",
        "object-assign": "^4.1.1"
      }
    }
  }
}
